// !$*UTF8*$!
{
	archiveVersion = 1;
	classes = {
	};
	objectVersion = 56;
	objects = {

/* Begin PBXBuildFile section */
		4AE682202B5634C500B67E77 /* dinesmartApp.swift in Sources */ = {isa = PBXBuildFile; fileRef = 4AE6821F2B5634C500B67E77 /* dinesmartApp.swift */; };
		4AE682222B5634C500B67E77 /* ContentView.swift in Sources */ = {isa = PBXBuildFile; fileRef = 4AE682212B5634C500B67E77 /* ContentView.swift */; };
		4AE682242B5634C500B67E77 /* Item.swift in Sources */ = {isa = PBXBuildFile; fileRef = 4AE682232B5634C500B67E77 /* Item.swift */; };
		4AE682262B5634C700B67E77 /* Assets.xcassets in Resources */ = {isa = PBXBuildFile; fileRef = 4AE682252B5634C700B67E77 /* Assets.xcassets */; };
		4AE682292B5634C700B67E77 /* Preview Assets.xcassets in Resources */ = {isa = PBXBuildFile; fileRef = 4AE682282B5634C700B67E77 /* Preview Assets.xcassets */; };
		4AE682352B5634C700B67E77 /* dinesmartTests.swift in Sources */ = {isa = PBXBuildFile; fileRef = 4AE682342B5634C700B67E77 /* dinesmartTests.swift */; };
		4AE6823F2B5634C700B67E77 /* dinesmartUITests.swift in Sources */ = {isa = PBXBuildFile; fileRef = 4AE6823E2B5634C700B67E77 /* dinesmartUITests.swift */; };
		4AE682412B5634C700B67E77 /* dinesmartUITestsLaunchTests.swift in Sources */ = {isa = PBXBuildFile; fileRef = 4AE682402B5634C700B67E77 /* dinesmartUITestsLaunchTests.swift */; };
/* End PBXBuildFile section */

/* Begin PBXContainerItemProxy section */
		4AE682312B5634C700B67E77 /* PBXContainerItemProxy */ = {
			isa = PBXContainerItemProxy;
			containerPortal = 4AE682142B5634C500B67E77 /* Project object */;
			proxyType = 1;
			remoteGlobalIDString = 4AE6821B2B5634C500B67E77;
			remoteInfo = dinesmart;
		};
		4AE6823B2B5634C700B67E77 /* PBXContainerItemProxy */ = {
			isa = PBXContainerItemProxy;
			containerPortal = 4AE682142B5634C500B67E77 /* Project object */;
			proxyType = 1;
			remoteGlobalIDString = 4AE6821B2B5634C500B67E77;
			remoteInfo = dinesmart;
		};
/* End PBXContainerItemProxy section */

/* Begin PBXFileReference section */
		4AE6821C2B5634C500B67E77 /* dinesmart.app */ = {isa = PBXFileReference; explicitFileType = wrapper.application; includeInIndex = 0; path = dinesmart.app; sourceTree = BUILT_PRODUCTS_DIR; };
		4AE6821F2B5634C500B67E77 /* dinesmartApp.swift */ = {isa = PBXFileReference; lastKnownFileType = sourcecode.swift; path = dinesmartApp.swift; sourceTree = "<group>"; };
		4AE682212B5634C500B67E77 /* ContentView.swift */ = {isa = PBXFileReference; lastKnownFileType = sourcecode.swift; path = ContentView.swift; sourceTree = "<group>"; };
		4AE682232B5634C500B67E77 /* Item.swift */ = {isa = PBXFileReference; lastKnownFileType = sourcecode.swift; path = Item.swift; sourceTree = "<group>"; };
		4AE682252B5634C700B67E77 /* Assets.xcassets */ = {isa = PBXFileReference; lastKnownFileType = folder.assetcatalog; path = Assets.xcassets; sourceTree = "<group>"; };
		4AE682282B5634C700B67E77 /* Preview Assets.xcassets */ = {isa = PBXFileReference; lastKnownFileType = folder.assetcatalog; path = "Preview Assets.xcassets"; sourceTree = "<group>"; };
		4AE6822A2B5634C700B67E77 /* dinesmart.entitlements */ = {isa = PBXFileReference; lastKnownFileType = text.plist.entitlements; path = dinesmart.entitlements; sourceTree = "<group>"; };
		4AE6822B2B5634C700B67E77 /* Info.plist */ = {isa = PBXFileReference; lastKnownFileType = text.plist.xml; path = Info.plist; sourceTree = "<group>"; };
		4AE682302B5634C700B67E77 /* dinesmartTests.xctest */ = {isa = PBXFileReference; explicitFileType = wrapper.cfbundle; includeInIndex = 0; path = dinesmartTests.xctest; sourceTree = BUILT_PRODUCTS_DIR; };
		4AE682342B5634C700B67E77 /* dinesmartTests.swift */ = {isa = PBXFileReference; lastKnownFileType = sourcecode.swift; path = dinesmartTests.swift; sourceTree = "<group>"; };
		4AE6823A2B5634C700B67E77 /* dinesmartUITests.xctest */ = {isa = PBXFileReference; explicitFileType = wrapper.cfbundle; includeInIndex = 0; path = dinesmartUITests.xctest; sourceTree = BUILT_PRODUCTS_DIR; };
		4AE6823E2B5634C700B67E77 /* dinesmartUITests.swift */ = {isa = PBXFileReference; lastKnownFileType = sourcecode.swift; path = dinesmartUITests.swift; sourceTree = "<group>"; };
		4AE682402B5634C700B67E77 /* dinesmartUITestsLaunchTests.swift */ = {isa = PBXFileReference; lastKnownFileType = sourcecode.swift; path = dinesmartUITestsLaunchTests.swift; sourceTree = "<group>"; };
/* End PBXFileReference section */

/* Begin PBXFrameworksBuildPhase section */
		4AE682192B5634C500B67E77 /* Frameworks */ = {
			isa = PBXFrameworksBuildPhase;
			buildActionMask = 2147483647;
			files = (
			);
			runOnlyForDeploymentPostprocessing = 0;
		};
		4AE6822D2B5634C700B67E77 /* Frameworks */ = {
			isa = PBXFrameworksBuildPhase;
			buildActionMask = 2147483647;
			files = (
			);
			runOnlyForDeploymentPostprocessing = 0;
		};
		4AE682372B5634C700B67E77 /* Frameworks */ = {
			isa = PBXFrameworksBuildPhase;
			buildActionMask = 2147483647;
			files = (
			);
			runOnlyForDeploymentPostprocessing = 0;
		};
/* End PBXFrameworksBuildPhase section */

/* Begin PBXGroup section */
		4AE682132B5634C500B67E77 = {
			isa = PBXGroup;
			children = (
				4AE6821E2B5634C500B67E77 /* dinesmart */,
				4AE682332B5634C700B67E77 /* dinesmartTests */,
				4AE6823D2B5634C700B67E77 /* dinesmartUITests */,
				4AE6821D2B5634C500B67E77 /* Products */,
			);
			sourceTree = "<group>";
		};
		4AE6821D2B5634C500B67E77 /* Products */ = {
			isa = PBXGroup;
			children = (
				4AE6821C2B5634C500B67E77 /* dinesmart.app */,
				4AE682302B5634C700B67E77 /* dinesmartTests.xctest */,
				4AE6823A2B5634C700B67E77 /* dinesmartUITests.xctest */,
			);
			name = Products;
			sourceTree = "<group>";
		};
		4AE6821E2B5634C500B67E77 /* dinesmart */ = {
			isa = PBXGroup;
			children = (
				4AE6821F2B5634C500B67E77 /* dinesmartApp.swift */,
				4AE682212B5634C500B67E77 /* ContentView.swift */,
				4AE682232B5634C500B67E77 /* Item.swift */,
				4AE682252B5634C700B67E77 /* Assets.xcassets */,
				4AE6822A2B5634C700B67E77 /* dinesmart.entitlements */,
				4AE6822B2B5634C700B67E77 /* Info.plist */,
				4AE682272B5634C700B67E77 /* Preview Content */,
			);
			path = dinesmart;
			sourceTree = "<group>";
		};
		4AE682272B5634C700B67E77 /* Preview Content */ = {
			isa = PBXGroup;
			children = (
				4AE682282B5634C700B67E77 /* Preview Assets.xcassets */,
			);
			path = "Preview Content";
			sourceTree = "<group>";
		};
		4AE682332B5634C700B67E77 /* dinesmartTests */ = {
			isa = PBXGroup;
			children = (
				4AE682342B5634C700B67E77 /* dinesmartTests.swift */,
			);
			path = dinesmartTests;
			sourceTree = "<group>";
		};
		4AE6823D2B5634C700B67E77 /* dinesmartUITests */ = {
			isa = PBXGroup;
			children = (
				4AE6823E2B5634C700B67E77 /* dinesmartUITests.swift */,
				4AE682402B5634C700B67E77 /* dinesmartUITestsLaunchTests.swift */,
			);
			path = dinesmartUITests;
			sourceTree = "<group>";
		};
/* End PBXGroup section */

/* Begin PBXNativeTarget section */
		4AE6821B2B5634C500B67E77 /* dinesmart */ = {
			isa = PBXNativeTarget;
			buildConfigurationList = 4AE682442B5634C700B67E77 /* Build configuration list for PBXNativeTarget "dinesmart" */;
			buildPhases = (
				4AE682182B5634C500B67E77 /* Sources */,
				4AE682192B5634C500B67E77 /* Frameworks */,
				4AE6821A2B5634C500B67E77 /* Resources */,
			);
			buildRules = (
			);
			dependencies = (
			);
			name = dinesmart;
			productName = dinesmart;
			productReference = 4AE6821C2B5634C500B67E77 /* dinesmart.app */;
			productType = "com.apple.product-type.application";
		};
		4AE6822F2B5634C700B67E77 /* dinesmartTests */ = {
			isa = PBXNativeTarget;
			buildConfigurationList = 4AE682472B5634C700B67E77 /* Build configuration list for PBXNativeTarget "dinesmartTests" */;
			buildPhases = (
				4AE6822C2B5634C700B67E77 /* Sources */,
				4AE6822D2B5634C700B67E77 /* Frameworks */,
				4AE6822E2B5634C700B67E77 /* Resources */,
			);
			buildRules = (
			);
			dependencies = (
				4AE682322B5634C700B67E77 /* PBXTargetDependency */,
			);
			name = dinesmartTests;
			productName = dinesmartTests;
			productReference = 4AE682302B5634C700B67E77 /* dinesmartTests.xctest */;
			productType = "com.apple.product-type.bundle.unit-test";
		};
		4AE682392B5634C700B67E77 /* dinesmartUITests */ = {
			isa = PBXNativeTarget;
			buildConfigurationList = 4AE6824A2B5634C700B67E77 /* Build configuration list for PBXNativeTarget "dinesmartUITests" */;
			buildPhases = (
				4AE682362B5634C700B67E77 /* Sources */,
				4AE682372B5634C700B67E77 /* Frameworks */,
				4AE682382B5634C700B67E77 /* Resources */,
			);
			buildRules = (
			);
			dependencies = (
				4AE6823C2B5634C700B67E77 /* PBXTargetDependency */,
			);
			name = dinesmartUITests;
			productName = dinesmartUITests;
			productReference = 4AE6823A2B5634C700B67E77 /* dinesmartUITests.xctest */;
			productType = "com.apple.product-type.bundle.ui-testing";
		};
/* End PBXNativeTarget section */

/* Begin PBXProject section */
		4AE682142B5634C500B67E77 /* Project object */ = {
			isa = PBXProject;
			attributes = {
				BuildIndependentTargetsInParallel = 1;
				LastSwiftUpdateCheck = 1520;
				LastUpgradeCheck = 1520;
				TargetAttributes = {
					4AE6821B2B5634C500B67E77 = {
						CreatedOnToolsVersion = 15.2;
					};
					4AE6822F2B5634C700B67E77 = {
						CreatedOnToolsVersion = 15.2;
						TestTargetID = 4AE6821B2B5634C500B67E77;
					};
					4AE682392B5634C700B67E77 = {
						CreatedOnToolsVersion = 15.2;
						TestTargetID = 4AE6821B2B5634C500B67E77;
					};
				};
			};
			buildConfigurationList = 4AE682172B5634C500B67E77 /* Build configuration list for PBXProject "dinesmart" */;
			compatibilityVersion = "Xcode 14.0";
			developmentRegion = en;
			hasScannedForEncodings = 0;
			knownRegions = (
				en,
				Base,
			);
			mainGroup = 4AE682132B5634C500B67E77;
			productRefGroup = 4AE6821D2B5634C500B67E77 /* Products */;
			projectDirPath = "";
			projectRoot = "";
			targets = (
				4AE6821B2B5634C500B67E77 /* dinesmart */,
				4AE6822F2B5634C700B67E77 /* dinesmartTests */,
				4AE682392B5634C700B67E77 /* dinesmartUITests */,
			);
		};
/* End PBXProject section */

/* Begin PBXResourcesBuildPhase section */
		4AE6821A2B5634C500B67E77 /* Resources */ = {
			isa = PBXResourcesBuildPhase;
			buildActionMask = 2147483647;
			files = (
				4AE682292B5634C700B67E77 /* Preview Assets.xcassets in Resources */,
				4AE682262B5634C700B67E77 /* Assets.xcassets in Resources */,
			);
			runOnlyForDeploymentPostprocessing = 0;
		};
		4AE6822E2B5634C700B67E77 /* Resources */ = {
			isa = PBXResourcesBuildPhase;
			buildActionMask = 2147483647;
			files = (
			);
			runOnlyForDeploymentPostprocessing = 0;
		};
		4AE682382B5634C700B67E77 /* Resources */ = {
			isa = PBXResourcesBuildPhase;
			buildActionMask = 2147483647;
			files = (
			);
			runOnlyForDeploymentPostprocessing = 0;
		};
/* End PBXResourcesBuildPhase section */

/* Begin PBXSourcesBuildPhase section */
		4AE682182B5634C500B67E77 /* Sources */ = {
			isa = PBXSourcesBuildPhase;
			buildActionMask = 2147483647;
			files = (
				4AE682222B5634C500B67E77 /* ContentView.swift in Sources */,
				4AE682242B5634C500B67E77 /* Item.swift in Sources */,
				4AE682202B5634C500B67E77 /* dinesmartApp.swift in Sources */,
			);
			runOnlyForDeploymentPostprocessing = 0;
		};
		4AE6822C2B5634C700B67E77 /* Sources */ = {
			isa = PBXSourcesBuildPhase;
			buildActionMask = 2147483647;
			files = (
				4AE682352B5634C700B67E77 /* dinesmartTests.swift in Sources */,
			);
			runOnlyForDeploymentPostprocessing = 0;
		};
		4AE682362B5634C700B67E77 /* Sources */ = {
			isa = PBXSourcesBuildPhase;
			buildActionMask = 2147483647;
			files = (
				4AE682412B5634C700B67E77 /* dinesmartUITestsLaunchTests.swift in Sources */,
				4AE6823F2B5634C700B67E77 /* dinesmartUITests.swift in Sources */,
			);
			runOnlyForDeploymentPostprocessing = 0;
		};
/* End PBXSourcesBuildPhase section */

/* Begin PBXTargetDependency section */
		4AE682322B5634C700B67E77 /* PBXTargetDependency */ = {
			isa = PBXTargetDependency;
			target = 4AE6821B2B5634C500B67E77 /* dinesmart */;
			targetProxy = 4AE682312B5634C700B67E77 /* PBXContainerItemProxy */;
		};
		4AE6823C2B5634C700B67E77 /* PBXTargetDependency */ = {
			isa = PBXTargetDependency;
			target = 4AE6821B2B5634C500B67E77 /* dinesmart */;
			targetProxy = 4AE6823B2B5634C700B67E77 /* PBXContainerItemProxy */;
		};
/* End PBXTargetDependency section */

/* Begin XCBuildConfiguration section */
		4AE682422B5634C700B67E77 /* Debug */ = {
			isa = XCBuildConfiguration;
			buildSettings = {
				ALWAYS_SEARCH_USER_PATHS = NO;
				ASSETCATALOG_COMPILER_GENERATE_SWIFT_ASSET_SYMBOL_EXTENSIONS = YES;
				CLANG_ANALYZER_NONNULL = YES;
				CLANG_ANALYZER_NUMBER_OBJECT_CONVERSION = YES_AGGRESSIVE;
				CLANG_CXX_LANGUAGE_STANDARD = "gnu++20";
				CLANG_ENABLE_MODULES = YES;
				CLANG_ENABLE_OBJC_ARC = YES;
				CLANG_ENABLE_OBJC_WEAK = YES;
				CLANG_WARN_BLOCK_CAPTURE_AUTORELEASING = YES;
				CLANG_WARN_BOOL_CONVERSION = YES;
				CLANG_WARN_COMMA = YES;
				CLANG_WARN_CONSTANT_CONVERSION = YES;
				CLANG_WARN_DEPRECATED_OBJC_IMPLEMENTATIONS = YES;
				CLANG_WARN_DIRECT_OBJC_ISA_USAGE = YES_ERROR;
				CLANG_WARN_DOCUMENTATION_COMMENTS = YES;
				CLANG_WARN_EMPTY_BODY = YES;
				CLANG_WARN_ENUM_CONVERSION = YES;
				CLANG_WARN_INFINITE_RECURSION = YES;
				CLANG_WARN_INT_CONVERSION = YES;
				CLANG_WARN_NON_LITERAL_NULL_CONVERSION = YES;
				CLANG_WARN_OBJC_IMPLICIT_RETAIN_SELF = YES;
				CLANG_WARN_OBJC_LITERAL_CONVERSION = YES;
				CLANG_WARN_OBJC_ROOT_CLASS = YES_ERROR;
				CLANG_WARN_QUOTED_INCLUDE_IN_FRAMEWORK_HEADER = YES;
				CLANG_WARN_RANGE_LOOP_ANALYSIS = YES;
				CLANG_WARN_STRICT_PROTOTYPES = YES;
				CLANG_WARN_SUSPICIOUS_MOVE = YES;
				CLANG_WARN_UNGUARDED_AVAILABILITY = YES_AGGRESSIVE;
				CLANG_WARN_UNREACHABLE_CODE = YES;
				CLANG_WARN__DUPLICATE_METHOD_MATCH = YES;
				COPY_PHASE_STRIP = NO;
				DEBUG_INFORMATION_FORMAT = dwarf;
				ENABLE_STRICT_OBJC_MSGSEND = YES;
				ENABLE_TESTABILITY = YES;
				ENABLE_USER_SCRIPT_SANDBOXING = YES;
				GCC_C_LANGUAGE_STANDARD = gnu17;
				GCC_DYNAMIC_NO_PIC = NO;
				GCC_NO_COMMON_BLOCKS = YES;
				GCC_OPTIMIZATION_LEVEL = 0;
				GCC_PREPROCESSOR_DEFINITIONS = (
					"DEBUG=1",
					"$(inherited)",
				);
				GCC_WARN_64_TO_32_BIT_CONVERSION = YES;
				GCC_WARN_ABOUT_RETURN_TYPE = YES_ERROR;
				GCC_WARN_UNDECLARED_SELECTOR = YES;
				GCC_WARN_UNINITIALIZED_AUTOS = YES_AGGRESSIVE;
				GCC_WARN_UNUSED_FUNCTION = YES;
				GCC_WARN_UNUSED_VARIABLE = YES;
				IPHONEOS_DEPLOYMENT_TARGET = 17.2;
				LOCALIZATION_PREFERS_STRING_CATALOGS = YES;
				MTL_ENABLE_DEBUG_INFO = INCLUDE_SOURCE;
				MTL_FAST_MATH = YES;
				ONLY_ACTIVE_ARCH = YES;
				SDKROOT = iphoneos;
				SWIFT_ACTIVE_COMPILATION_CONDITIONS = "DEBUG $(inherited)";
				SWIFT_OPTIMIZATION_LEVEL = "-Onone";
			};
			name = Debug;
		};
		4AE682432B5634C700B67E77 /* Release */ = {
			isa = XCBuildConfiguration;
			buildSettings = {
				ALWAYS_SEARCH_USER_PATHS = NO;
				ASSETCATALOG_COMPILER_GENERATE_SWIFT_ASSET_SYMBOL_EXTENSIONS = YES;
				CLANG_ANALYZER_NONNULL = YES;
				CLANG_ANALYZER_NUMBER_OBJECT_CONVERSION = YES_AGGRESSIVE;
				CLANG_CXX_LANGUAGE_STANDARD = "gnu++20";
				CLANG_ENABLE_MODULES = YES;
				CLANG_ENABLE_OBJC_ARC = YES;
				CLANG_ENABLE_OBJC_WEAK = YES;
				CLANG_WARN_BLOCK_CAPTURE_AUTORELEASING = YES;
				CLANG_WARN_BOOL_CONVERSION = YES;
				CLANG_WARN_COMMA = YES;
				CLANG_WARN_CONSTANT_CONVERSION = YES;
				CLANG_WARN_DEPRECATED_OBJC_IMPLEMENTATIONS = YES;
				CLANG_WARN_DIRECT_OBJC_ISA_USAGE = YES_ERROR;
				CLANG_WARN_DOCUMENTATION_COMMENTS = YES;
				CLANG_WARN_EMPTY_BODY = YES;
				CLANG_WARN_ENUM_CONVERSION = YES;
				CLANG_WARN_INFINITE_RECURSION = YES;
				CLANG_WARN_INT_CONVERSION = YES;
				CLANG_WARN_NON_LITERAL_NULL_CONVERSION = YES;
				CLANG_WARN_OBJC_IMPLICIT_RETAIN_SELF = YES;
				CLANG_WARN_OBJC_LITERAL_CONVERSION = YES;
				CLANG_WARN_OBJC_ROOT_CLASS = YES_ERROR;
				CLANG_WARN_QUOTED_INCLUDE_IN_FRAMEWORK_HEADER = YES;
				CLANG_WARN_RANGE_LOOP_ANALYSIS = YES;
				CLANG_WARN_STRICT_PROTOTYPES = YES;
				CLANG_WARN_SUSPICIOUS_MOVE = YES;
				CLANG_WARN_UNGUARDED_AVAILABILITY = YES_AGGRESSIVE;
				CLANG_WARN_UNREACHABLE_CODE = YES;
				CLANG_WARN__DUPLICATE_METHOD_MATCH = YES;
				COPY_PHASE_STRIP = NO;
				DEBUG_INFORMATION_FORMAT = "dwarf-with-dsym";
				ENABLE_NS_ASSERTIONS = NO;
				ENABLE_STRICT_OBJC_MSGSEND = YES;
				ENABLE_USER_SCRIPT_SANDBOXING = YES;
				GCC_C_LANGUAGE_STANDARD = gnu17;
				GCC_NO_COMMON_BLOCKS = YES;
				GCC_WARN_64_TO_32_BIT_CONVERSION = YES;
				GCC_WARN_ABOUT_RETURN_TYPE = YES_ERROR;
				GCC_WARN_UNDECLARED_SELECTOR = YES;
				GCC_WARN_UNINITIALIZED_AUTOS = YES_AGGRESSIVE;
				GCC_WARN_UNUSED_FUNCTION = YES;
				GCC_WARN_UNUSED_VARIABLE = YES;
				IPHONEOS_DEPLOYMENT_TARGET = 17.2;
				LOCALIZATION_PREFERS_STRING_CATALOGS = YES;
				MTL_ENABLE_DEBUG_INFO = NO;
				MTL_FAST_MATH = YES;
				SDKROOT = iphoneos;
				SWIFT_COMPILATION_MODE = wholemodule;
				VALIDATE_PRODUCT = YES;
			};
			name = Release;
		};
		4AE682452B5634C700B67E77 /* Debug */ = {
			isa = XCBuildConfiguration;
			buildSettings = {
				ASSETCATALOG_COMPILER_APPICON_NAME = AppIcon;
				ASSETCATALOG_COMPILER_GLOBAL_ACCENT_COLOR_NAME = AccentColor;
				CODE_SIGN_ENTITLEMENTS = dinesmart/dinesmart.entitlements;
				CODE_SIGN_STYLE = Automatic;
				CURRENT_PROJECT_VERSION = 1;
				DEVELOPMENT_ASSET_PATHS = "\"dinesmart/Preview Content\"";
				DEVELOPMENT_TEAM = BK6SYNX968;
				ENABLE_PREVIEWS = YES;
				GENERATE_INFOPLIST_FILE = YES;
				INFOPLIST_FILE = dinesmart/Info.plist;
				INFOPLIST_KEY_UIApplicationSceneManifest_Generation = YES;
				INFOPLIST_KEY_UIApplicationSupportsIndirectInputEvents = YES;
				INFOPLIST_KEY_UILaunchScreen_Generation = YES;
				INFOPLIST_KEY_UISupportedInterfaceOrientations_iPad = "UIInterfaceOrientationPortrait UIInterfaceOrientationPortraitUpsideDown UIInterfaceOrientationLandscapeLeft UIInterfaceOrientationLandscapeRight";
				INFOPLIST_KEY_UISupportedInterfaceOrientations_iPhone = "UIInterfaceOrientationPortrait UIInterfaceOrientationLandscapeLeft UIInterfaceOrientationLandscapeRight";
				LD_RUNPATH_SEARCH_PATHS = (
					"$(inherited)",
					"@executable_path/Frameworks",
				);
				MARKETING_VERSION = 1.0;
				PRODUCT_BUNDLE_IDENTIFIER = com.maldahleh.dinesmart;
				PRODUCT_NAME = "$(TARGET_NAME)";
				SWIFT_EMIT_LOC_STRINGS = YES;
				SWIFT_VERSION = 5.0;
				TARGETED_DEVICE_FAMILY = "1,2";
			};
			name = Debug;
		};
		4AE682462B5634C700B67E77 /* Release */ = {
			isa = XCBuildConfiguration;
			buildSettings = {
				ASSETCATALOG_COMPILER_APPICON_NAME = AppIcon;
				ASSETCATALOG_COMPILER_GLOBAL_ACCENT_COLOR_NAME = AccentColor;
				CODE_SIGN_ENTITLEMENTS = dinesmart/dinesmart.entitlements;
				CODE_SIGN_STYLE = Automatic;
				CURRENT_PROJECT_VERSION = 1;
				DEVELOPMENT_ASSET_PATHS = "\"dinesmart/Preview Content\"";
				DEVELOPMENT_TEAM = BK6SYNX968;
				ENABLE_PREVIEWS = YES;
				GENERATE_INFOPLIST_FILE = YES;
				INFOPLIST_FILE = dinesmart/Info.plist;
				INFOPLIST_KEY_UIApplicationSceneManifest_Generation = YES;
				INFOPLIST_KEY_UIApplicationSupportsIndirectInputEvents = YES;
				INFOPLIST_KEY_UILaunchScreen_Generation = YES;
				INFOPLIST_KEY_UISupportedInterfaceOrientations_iPad = "UIInterfaceOrientationPortrait UIInterfaceOrientationPortraitUpsideDown UIInterfaceOrientationLandscapeLeft UIInterfaceOrientationLandscapeRight";
				INFOPLIST_KEY_UISupportedInterfaceOrientations_iPhone = "UIInterfaceOrientationPortrait UIInterfaceOrientationLandscapeLeft UIInterfaceOrientationLandscapeRight";
				LD_RUNPATH_SEARCH_PATHS = (
					"$(inherited)",
					"@executable_path/Frameworks",
				);
				MARKETING_VERSION = 1.0;
				PRODUCT_BUNDLE_IDENTIFIER = com.maldahleh.dinesmart;
				PRODUCT_NAME = "$(TARGET_NAME)";
				SWIFT_EMIT_LOC_STRINGS = YES;
				SWIFT_VERSION = 5.0;
				TARGETED_DEVICE_FAMILY = "1,2";
			};
			name = Release;
		};
		4AE682482B5634C700B67E77 /* Debug */ = {
			isa = XCBuildConfiguration;
			buildSettings = {
				ALWAYS_EMBED_SWIFT_STANDARD_LIBRARIES = YES;
				BUNDLE_LOADER = "$(TEST_HOST)";
				CODE_SIGN_STYLE = Automatic;
				CURRENT_PROJECT_VERSION = 1;
				DEVELOPMENT_TEAM = BK6SYNX968;
				GENERATE_INFOPLIST_FILE = YES;
				IPHONEOS_DEPLOYMENT_TARGET = 17.2;
				MARKETING_VERSION = 1.0;
				PRODUCT_BUNDLE_IDENTIFIER = com.maldahleh.dinesmartTests;
				PRODUCT_NAME = "$(TARGET_NAME)";
				SWIFT_EMIT_LOC_STRINGS = NO;
				SWIFT_VERSION = 5.0;
				TARGETED_DEVICE_FAMILY = "1,2";
				TEST_HOST = "$(BUILT_PRODUCTS_DIR)/dinesmart.app/$(BUNDLE_EXECUTABLE_FOLDER_PATH)/dinesmart";
			};
			name = Debug;
		};
		4AE682492B5634C700B67E77 /* Release */ = {
			isa = XCBuildConfiguration;
			buildSettings = {
				ALWAYS_EMBED_SWIFT_STANDARD_LIBRARIES = YES;
				BUNDLE_LOADER = "$(TEST_HOST)";
				CODE_SIGN_STYLE = Automatic;
				CURRENT_PROJECT_VERSION = 1;
				DEVELOPMENT_TEAM = BK6SYNX968;
				GENERATE_INFOPLIST_FILE = YES;
				IPHONEOS_DEPLOYMENT_TARGET = 17.2;
				MARKETING_VERSION = 1.0;
				PRODUCT_BUNDLE_IDENTIFIER = com.maldahleh.dinesmartTests;
				PRODUCT_NAME = "$(TARGET_NAME)";
				SWIFT_EMIT_LOC_STRINGS = NO;
				SWIFT_VERSION = 5.0;
				TARGETED_DEVICE_FAMILY = "1,2";
				TEST_HOST = "$(BUILT_PRODUCTS_DIR)/dinesmart.app/$(BUNDLE_EXECUTABLE_FOLDER_PATH)/dinesmart";
			};
			name = Release;
		};
		4AE6824B2B5634C700B67E77 /* Debug */ = {
			isa = XCBuildConfiguration;
			buildSettings = {
				ALWAYS_EMBED_SWIFT_STANDARD_LIBRARIES = YES;
				CODE_SIGN_STYLE = Automatic;
				CURRENT_PROJECT_VERSION = 1;
				DEVELOPMENT_TEAM = BK6SYNX968;
				GENERATE_INFOPLIST_FILE = YES;
				MARKETING_VERSION = 1.0;
				PRODUCT_BUNDLE_IDENTIFIER = com.maldahleh.dinesmartUITests;
				PRODUCT_NAME = "$(TARGET_NAME)";
				SWIFT_EMIT_LOC_STRINGS = NO;
				SWIFT_VERSION = 5.0;
				TARGETED_DEVICE_FAMILY = "1,2";
				TEST_TARGET_NAME = dinesmart;
			};
			name = Debug;
		};
		4AE6824C2B5634C700B67E77 /* Release */ = {
			isa = XCBuildConfiguration;
			buildSettings = {
				ALWAYS_EMBED_SWIFT_STANDARD_LIBRARIES = YES;
				CODE_SIGN_STYLE = Automatic;
				CURRENT_PROJECT_VERSION = 1;
				DEVELOPMENT_TEAM = BK6SYNX968;
				GENERATE_INFOPLIST_FILE = YES;
				MARKETING_VERSION = 1.0;
				PRODUCT_BUNDLE_IDENTIFIER = com.maldahleh.dinesmartUITests;
				PRODUCT_NAME = "$(TARGET_NAME)";
				SWIFT_EMIT_LOC_STRINGS = NO;
				SWIFT_VERSION = 5.0;
				TARGETED_DEVICE_FAMILY = "1,2";
				TEST_TARGET_NAME = dinesmart;
			};
			name = Release;
		};
/* End XCBuildConfiguration section */

/* Begin XCConfigurationList section */
		4AE682172B5634C500B67E77 /* Build configuration list for PBXProject "dinesmart" */ = {
			isa = XCConfigurationList;
			buildConfigurations = (
				4AE682422B5634C700B67E77 /* Debug */,
				4AE682432B5634C700B67E77 /* Release */,
			);
			defaultConfigurationIsVisible = 0;
			defaultConfigurationName = Release;
		};
		4AE682442B5634C700B67E77 /* Build configuration list for PBXNativeTarget "dinesmart" */ = {
			isa = XCConfigurationList;
			buildConfigurations = (
				4AE682452B5634C700B67E77 /* Debug */,
				4AE682462B5634C700B67E77 /* Release */,
			);
			defaultConfigurationIsVisible = 0;
			defaultConfigurationName = Release;
		};
		4AE682472B5634C700B67E77 /* Build configuration list for PBXNativeTarget "dinesmartTests" */ = {
			isa = XCConfigurationList;
			buildConfigurations = (
				4AE682482B5634C700B67E77 /* Debug */,
				4AE682492B5634C700B67E77 /* Release */,
			);
			defaultConfigurationIsVisible = 0;
			defaultConfigurationName = Release;
		};
		4AE6824A2B5634C700B67E77 /* Build configuration list for PBXNativeTarget "dinesmartUITests" */ = {
			isa = XCConfigurationList;
			buildConfigurations = (
				4AE6824B2B5634C700B67E77 /* Debug */,
				4AE6824C2B5634C700B67E77 /* Release */,
			);
			defaultConfigurationIsVisible = 0;
			defaultConfigurationName = Release;
		};
/* End XCConfigurationList section */
	};
	rootObject = 4AE682142B5634C500B67E77 /* Project object */;
}
